
Microsoft Visual Studio Solution File, Format Version 12.00
# Visual Studio Version 17
VisualStudioVersion = 17.1.32421.90
MinimumVisualStudioVersion = 10.0.40219.1
Project("{FAE04EC0-301F-11D3-BF4B-00C04F79EFBC}") = "laboratoareLaslo", "laboratoareLaslo\laboratoareLaslo.csproj", "{92468428-8122-476F-848F-4E84B9F301DB}"
EndProject
Project("{FAE04EC0-301F-11D3-BF4B-00C04F79EFBC}") = "10_11", "10_11\10_11.csproj", "{AADE2845-8B1B-4D42-8CCD-9A3B783B3D9A}"
EndProject
Global
	GlobalSection(SolutionConfigurationPlatforms) = preSolution
		Debug|Any CPU = Debug|Any CPU
		Release|Any CPU = Release|Any CPU
	EndGlobalSection
	GlobalSection(ProjectConfigurationPlatforms) = postSolution
		{92468428-8122-476F-848F-4E84B9F301DB}.Debug|Any CPU.ActiveCfg = Debug|Any CPU
		{92468428-8122-476F-848F-4E84B9F301DB}.Debug|Any CPU.Build.0 = Debug|Any CPU
		{92468428-8122-476F-848F-4E84B9F301DB}.Release|Any CPU.ActiveCfg = Release|Any CPU
		{92468428-8122-476F-848F-4E84B9F301DB}.Release|Any CPU.Build.0 = Release|Any CPU
		{AADE2845-8B1B-4D42-8CCD-9A3B783B3D9A}.Debug|Any CPU.ActiveCfg = Debug|Any CPU
		{AADE2845-8B1B-4D42-8CCD-9A3B783B3D9A}.Debug|Any CPU.Build.0 = Debug|Any CPU
		{AADE2845-8B1B-4D42-8CCD-9A3B783B3D9A}.Release|Any CPU.ActiveCfg = Release|Any CPU
		{AADE2845-8B1B-4D42-8CCD-9A3B783B3D9A}.Release|Any CPU.Build.0 = Release|Any CPU
	EndGlobalSection
	GlobalSection(SolutionProperties) = preSolution
		HideSolutionNode = FALSE
	EndGlobalSection
	GlobalSection(ExtensibilityGlobals) = postSolution
		SolutionGuid = {F5313DFB-52CD-46C0-9D87-3873D578DDCB}
	EndGlobalSection
EndGlobal
